
Microsoft Visual Studio Solution File, Format Version 12.00
# Visual Studio Version 16
VisualStudioVersion = 16.0.29025.244
MinimumVisualStudioVersion = 10.0.40219.1
Project("{FAE04EC0-301F-11D3-BF4B-00C04F79EFBC}") = "WpfApp1", "WpfApp1.csproj", "{2B216C87-4780-4837-8523-D96006973083}"
EndProject
Global
	GlobalSection(SolutionConfigurationPlatforms) = preSolution
		Debug|Any CPU = Debug|Any CPU
		Release|Any CPU = Release|Any CPU
	EndGlobalSection
	GlobalSection(ProjectConfigurationPlatforms) = postSolution
		{2B216C87-4780-4837-8523-D96006973083}.Debug|Any CPU.ActiveCfg = Debug|Any CPU
		{2B216C87-4780-4837-8523-D96006973083}.Debug|Any CPU.Build.0 = Debug|Any CPU
		{2B216C87-4780-4837-8523-D96006973083}.Release|Any CPU.ActiveCfg = Release|Any CPU
		{2B216C87-4780-4837-8523-D96006973083}.Release|Any CPU.Build.0 = Release|Any CPU
	EndGlobalSection
	GlobalSection(SolutionProperties) = preSolution
		HideSolutionNode = FALSE
	EndGlobalSection
	GlobalSection(ExtensibilityGlobals) = postSolution
		SolutionGuid = {B36A6101-1213-4D81-8627-B29BD009DDD0}
	EndGlobalSection
EndGlobal
